// !$*UTF8*$!
{
	archiveVersion = 1;
	classes = {
	};
	objectVersion = 50;
	objects = {

/* Begin PBXBuildFile section */
		EC16BBCF22663890005CF5C8 /* AppDelegate.swift in Sources */ = {isa = PBXBuildFile; fileRef = EC16BBCE22663890005CF5C8 /* AppDelegate.swift */; };
		EC16BBD122663890005CF5C8 /* QuestionViewController.swift in Sources */ = {isa = PBXBuildFile; fileRef = EC16BBD022663890005CF5C8 /* QuestionViewController.swift */; };
		EC16BBD422663890005CF5C8 /* Main.storyboard in Resources */ = {isa = PBXBuildFile; fileRef = EC16BBD222663890005CF5C8 /* Main.storyboard */; };
		EC16BBE622663CDC005CF5C8 /* Question.swift in Sources */ = {isa = PBXBuildFile; fileRef = EC16BBE522663CDC005CF5C8 /* Question.swift */; };
		EC16BBE822663D98005CF5C8 /* QuestionGroup.swift in Sources */ = {isa = PBXBuildFile; fileRef = EC16BBE722663D98005CF5C8 /* QuestionGroup.swift */; };
		EC16BBEC22663ECC005CF5C8 /* Assets.xcassets in Resources */ = {isa = PBXBuildFile; fileRef = EC16BBEB22663ECC005CF5C8 /* Assets.xcassets */; };
		EC16BBEE22663F32005CF5C8 /* LaunchScreen.storyboard in Resources */ = {isa = PBXBuildFile; fileRef = EC16BBED22663F32005CF5C8 /* LaunchScreen.storyboard */; };
		EC39AD602285AD7C004DB31B /* DiskCaretaker.swift in Sources */ = {isa = PBXBuildFile; fileRef = EC39AD5F2285AD7B004DB31B /* DiskCaretaker.swift */; };
		EC39AD622285BBED004DB31B /* QuestionGroupCaretaker.swift in Sources */ = {isa = PBXBuildFile; fileRef = EC39AD612285BBED004DB31B /* QuestionGroupCaretaker.swift */; };
		EC45B85F2282716900F2C5EA /* AppSettings.swift in Sources */ = {isa = PBXBuildFile; fileRef = EC45B85E2282716900F2C5EA /* AppSettings.swift */; };
		EC45B8612282781800F2C5EA /* AppSettingsViewController.swift in Sources */ = {isa = PBXBuildFile; fileRef = EC45B8602282781800F2C5EA /* AppSettingsViewController.swift */; };
		EC5A3DC32266BC550000F7BE /* QuestionView.swift in Sources */ = {isa = PBXBuildFile; fileRef = EC5A3DC22266BC550000F7BE /* QuestionView.swift */; };
		EC62E6D3227ED4BD00869496 /* SelectQuestionGroupViewController.swift in Sources */ = {isa = PBXBuildFile; fileRef = EC62E6D2227ED4BD00869496 /* SelectQuestionGroupViewController.swift */; };
		EC62E6D5227ED87000869496 /* QuestionGroupCell.swift in Sources */ = {isa = PBXBuildFile; fileRef = EC62E6D4227ED87000869496 /* QuestionGroupCell.swift */; };
		EC6C144C22817C0400BB1358 /* QuestionStrategy.swift in Sources */ = {isa = PBXBuildFile; fileRef = EC6C144B22817C0400BB1358 /* QuestionStrategy.swift */; };
		EC6C144E2281818800BB1358 /* SequentialQuestionStrategy.swift in Sources */ = {isa = PBXBuildFile; fileRef = EC6C144D2281818800BB1358 /* SequentialQuestionStrategy.swift */; };
		EC6C1450228183E200BB1358 /* RandomQuestionStrategy.swift in Sources */ = {isa = PBXBuildFile; fileRef = EC6C144F228183E200BB1358 /* RandomQuestionStrategy.swift */; };
		EC6DBC7122865BD9001753E7 /* QuestionGroupData.json in Resources */ = {isa = PBXBuildFile; fileRef = EC6DBC7022865BD9001753E7 /* QuestionGroupData.json */; };
		EC6DBC7322866A4A001753E7 /* BaseQuestionStrategy.swift in Sources */ = {isa = PBXBuildFile; fileRef = EC6DBC7222866A4A001753E7 /* BaseQuestionStrategy.swift */; };
		EC71C162227FC9C100687B52 /* QuestionViewControllerDelegate.swift in Sources */ = {isa = PBXBuildFile; fileRef = EC71C161227FC9C100687B52 /* QuestionViewControllerDelegate.swift */; };
/* End PBXBuildFile section */

/* Begin PBXFileReference section */
		EC16BBCB22663890005CF5C8 /* Rabble Wabble.app */ = {isa = PBXFileReference; explicitFileType = wrapper.application; includeInIndex = 0; path = "Rabble Wabble.app"; sourceTree = BUILT_PRODUCTS_DIR; };
		EC16BBCE22663890005CF5C8 /* AppDelegate.swift */ = {isa = PBXFileReference; lastKnownFileType = sourcecode.swift; path = AppDelegate.swift; sourceTree = "<group>"; };
		EC16BBD022663890005CF5C8 /* QuestionViewController.swift */ = {isa = PBXFileReference; lastKnownFileType = sourcecode.swift; path = QuestionViewController.swift; sourceTree = "<group>"; };
		EC16BBD322663890005CF5C8 /* Base */ = {isa = PBXFileReference; lastKnownFileType = file.storyboard; name = Base; path = Base.lproj/Main.storyboard; sourceTree = "<group>"; };
		EC16BBDA22663892005CF5C8 /* Info.plist */ = {isa = PBXFileReference; lastKnownFileType = text.plist.xml; path = Info.plist; sourceTree = "<group>"; };
		EC16BBE522663CDC005CF5C8 /* Question.swift */ = {isa = PBXFileReference; lastKnownFileType = sourcecode.swift; path = Question.swift; sourceTree = "<group>"; };
		EC16BBE722663D98005CF5C8 /* QuestionGroup.swift */ = {isa = PBXFileReference; lastKnownFileType = sourcecode.swift; path = QuestionGroup.swift; sourceTree = "<group>"; };
		EC16BBEB22663ECC005CF5C8 /* Assets.xcassets */ = {isa = PBXFileReference; lastKnownFileType = folder.assetcatalog; path = Assets.xcassets; sourceTree = "<group>"; };
		EC16BBED22663F32005CF5C8 /* LaunchScreen.storyboard */ = {isa = PBXFileReference; fileEncoding = 4; lastKnownFileType = file.storyboard; path = LaunchScreen.storyboard; sourceTree = "<group>"; };
		EC39AD5F2285AD7B004DB31B /* DiskCaretaker.swift */ = {isa = PBXFileReference; lastKnownFileType = sourcecode.swift; path = DiskCaretaker.swift; sourceTree = "<group>"; };
		EC39AD612285BBED004DB31B /* QuestionGroupCaretaker.swift */ = {isa = PBXFileReference; lastKnownFileType = sourcecode.swift; path = QuestionGroupCaretaker.swift; sourceTree = "<group>"; };
		EC45B85E2282716900F2C5EA /* AppSettings.swift */ = {isa = PBXFileReference; lastKnownFileType = sourcecode.swift; path = AppSettings.swift; sourceTree = "<group>"; };
		EC45B8602282781800F2C5EA /* AppSettingsViewController.swift */ = {isa = PBXFileReference; lastKnownFileType = sourcecode.swift; path = AppSettingsViewController.swift; sourceTree = "<group>"; };
		EC5A3DC22266BC550000F7BE /* QuestionView.swift */ = {isa = PBXFileReference; lastKnownFileType = sourcecode.swift; path = QuestionView.swift; sourceTree = "<group>"; };
		EC62E6D2227ED4BD00869496 /* SelectQuestionGroupViewController.swift */ = {isa = PBXFileReference; lastKnownFileType = sourcecode.swift; path = SelectQuestionGroupViewController.swift; sourceTree = "<group>"; };
		EC62E6D4227ED87000869496 /* QuestionGroupCell.swift */ = {isa = PBXFileReference; lastKnownFileType = sourcecode.swift; path = QuestionGroupCell.swift; sourceTree = "<group>"; };
		EC6C144B22817C0400BB1358 /* QuestionStrategy.swift */ = {isa = PBXFileReference; lastKnownFileType = sourcecode.swift; path = QuestionStrategy.swift; sourceTree = "<group>"; };
		EC6C144D2281818800BB1358 /* SequentialQuestionStrategy.swift */ = {isa = PBXFileReference; lastKnownFileType = sourcecode.swift; path = SequentialQuestionStrategy.swift; sourceTree = "<group>"; };
		EC6C144F228183E200BB1358 /* RandomQuestionStrategy.swift */ = {isa = PBXFileReference; lastKnownFileType = sourcecode.swift; path = RandomQuestionStrategy.swift; sourceTree = "<group>"; };
		EC6DBC7022865BD9001753E7 /* QuestionGroupData.json */ = {isa = PBXFileReference; fileEncoding = 4; lastKnownFileType = text.json; path = QuestionGroupData.json; sourceTree = "<group>"; };
		EC6DBC7222866A4A001753E7 /* BaseQuestionStrategy.swift */ = {isa = PBXFileReference; lastKnownFileType = sourcecode.swift; path = BaseQuestionStrategy.swift; sourceTree = "<group>"; };
		EC71C161227FC9C100687B52 /* QuestionViewControllerDelegate.swift */ = {isa = PBXFileReference; lastKnownFileType = sourcecode.swift; path = QuestionViewControllerDelegate.swift; sourceTree = "<group>"; };
/* End PBXFileReference section */

/* Begin PBXFrameworksBuildPhase section */
		EC16BBC822663890005CF5C8 /* Frameworks */ = {
			isa = PBXFrameworksBuildPhase;
			buildActionMask = 2147483647;
			files = (
			);
			runOnlyForDeploymentPostprocessing = 0;
		};
/* End PBXFrameworksBuildPhase section */

/* Begin PBXGroup section */
		EC16BBC222663890005CF5C8 = {
			isa = PBXGroup;
			children = (
				EC16BBCD22663890005CF5C8 /* Rabble Wabble */,
				EC16BBCC22663890005CF5C8 /* Products */,
			);
			sourceTree = "<group>";
		};
		EC16BBCC22663890005CF5C8 /* Products */ = {
			isa = PBXGroup;
			children = (
				EC16BBCB22663890005CF5C8 /* Rabble Wabble.app */,
			);
			name = Products;
			sourceTree = "<group>";
		};
		EC16BBCD22663890005CF5C8 /* Rabble Wabble */ = {
			isa = PBXGroup;
			children = (
				EC16BBE022663A79005CF5C8 /* AppDelegate */,
				EC39AD5E2285AD31004DB31B /* CareTakers */,
				EC16BBE322663AC7005CF5C8 /* Controllers */,
				EC16BBE122663AB8005CF5C8 /* Models */,
				EC16BBE422663AD0005CF5C8 /* Resources */,
				EC6C144A22817BCD00BB1358 /* Strategies */,
				EC16BBE222663AC1005CF5C8 /* Views */,
			);
			path = "Rabble Wabble";
			sourceTree = "<group>";
		};
		EC16BBE022663A79005CF5C8 /* AppDelegate */ = {
			isa = PBXGroup;
			children = (
				EC16BBCE22663890005CF5C8 /* AppDelegate.swift */,
				EC71C161227FC9C100687B52 /* QuestionViewControllerDelegate.swift */,
			);
			path = AppDelegate;
			sourceTree = "<group>";
		};
		EC16BBE122663AB8005CF5C8 /* Models */ = {
			isa = PBXGroup;
			children = (
				EC16BBE522663CDC005CF5C8 /* Question.swift */,
				EC16BBE722663D98005CF5C8 /* QuestionGroup.swift */,
				EC45B85E2282716900F2C5EA /* AppSettings.swift */,
			);
			path = Models;
			sourceTree = "<group>";
		};
		EC16BBE222663AC1005CF5C8 /* Views */ = {
			isa = PBXGroup;
			children = (
				EC16BBED22663F32005CF5C8 /* LaunchScreen.storyboard */,
				EC16BBD222663890005CF5C8 /* Main.storyboard */,
				EC5A3DC22266BC550000F7BE /* QuestionView.swift */,
				EC62E6D4227ED87000869496 /* QuestionGroupCell.swift */,
			);
			path = Views;
			sourceTree = "<group>";
		};
		EC16BBE322663AC7005CF5C8 /* Controllers */ = {
			isa = PBXGroup;
			children = (
				EC16BBD022663890005CF5C8 /* QuestionViewController.swift */,
				EC62E6D2227ED4BD00869496 /* SelectQuestionGroupViewController.swift */,
				EC45B8602282781800F2C5EA /* AppSettingsViewController.swift */,
			);
			path = Controllers;
			sourceTree = "<group>";
		};
		EC16BBE422663AD0005CF5C8 /* Resources */ = {
			isa = PBXGroup;
			children = (
				EC6DBC7022865BD9001753E7 /* QuestionGroupData.json */,
				EC16BBEB22663ECC005CF5C8 /* Assets.xcassets */,
				EC16BBDA22663892005CF5C8 /* Info.plist */,
			);
			path = Resources;
			sourceTree = "<group>";
		};
		EC39AD5E2285AD31004DB31B /* CareTakers */ = {
			isa = PBXGroup;
			children = (
				EC39AD5F2285AD7B004DB31B /* DiskCaretaker.swift */,
				EC39AD612285BBED004DB31B /* QuestionGroupCaretaker.swift */,
			);
			path = CareTakers;
			sourceTree = "<group>";
		};
		EC6C144A22817BCD00BB1358 /* Strategies */ = {
			isa = PBXGroup;
			children = (
				EC6C144B22817C0400BB1358 /* QuestionStrategy.swift */,
				EC6C144D2281818800BB1358 /* SequentialQuestionStrategy.swift */,
				EC6C144F228183E200BB1358 /* RandomQuestionStrategy.swift */,
				EC6DBC7222866A4A001753E7 /* BaseQuestionStrategy.swift */,
			);
			path = Strategies;
			sourceTree = "<group>";
		};
/* End PBXGroup section */

/* Begin PBXNativeTarget section */
		EC16BBCA22663890005CF5C8 /* Rabble Wabble */ = {
			isa = PBXNativeTarget;
			buildConfigurationList = EC16BBDD22663892005CF5C8 /* Build configuration list for PBXNativeTarget "Rabble Wabble" */;
			buildPhases = (
				EC16BBC722663890005CF5C8 /* Sources */,
				EC16BBC822663890005CF5C8 /* Frameworks */,
				EC16BBC922663890005CF5C8 /* Resources */,
			);
			buildRules = (
			);
			dependencies = (
			);
			name = "Rabble Wabble";
			productName = "Rabble Wabble";
			productReference = EC16BBCB22663890005CF5C8 /* Rabble Wabble.app */;
			productType = "com.apple.product-type.application";
		};
/* End PBXNativeTarget section */

/* Begin PBXProject section */
		EC16BBC322663890005CF5C8 /* Project object */ = {
			isa = PBXProject;
			attributes = {
				LastSwiftUpdateCheck = 1020;
				LastUpgradeCheck = 1020;
				ORGANIZATIONNAME = "Hai Vu";
				TargetAttributes = {
					EC16BBCA22663890005CF5C8 = {
						CreatedOnToolsVersion = 10.2;
					};
				};
			};
			buildConfigurationList = EC16BBC622663890005CF5C8 /* Build configuration list for PBXProject "Rabble Wabble" */;
			compatibilityVersion = "Xcode 9.3";
			developmentRegion = en;
			hasScannedForEncodings = 0;
			knownRegions = (
				en,
				Base,
			);
			mainGroup = EC16BBC222663890005CF5C8;
			productRefGroup = EC16BBCC22663890005CF5C8 /* Products */;
			projectDirPath = "";
			projectRoot = "";
			targets = (
				EC16BBCA22663890005CF5C8 /* Rabble Wabble */,
			);
		};
/* End PBXProject section */

/* Begin PBXResourcesBuildPhase section */
		EC16BBC922663890005CF5C8 /* Resources */ = {
			isa = PBXResourcesBuildPhase;
			buildActionMask = 2147483647;
			files = (
				EC16BBEE22663F32005CF5C8 /* LaunchScreen.storyboard in Resources */,
				EC6DBC7122865BD9001753E7 /* QuestionGroupData.json in Resources */,
				EC16BBEC22663ECC005CF5C8 /* Assets.xcassets in Resources */,
				EC16BBD422663890005CF5C8 /* Main.storyboard in Resources */,
			);
			runOnlyForDeploymentPostprocessing = 0;
		};
/* End PBXResourcesBuildPhase section */

/* Begin PBXSourcesBuildPhase section */
		EC16BBC722663890005CF5C8 /* Sources */ = {
			isa = PBXSourcesBuildPhase;
			buildActionMask = 2147483647;
			files = (
				EC45B85F2282716900F2C5EA /* AppSettings.swift in Sources */,
				EC16BBE622663CDC005CF5C8 /* Question.swift in Sources */,
				EC16BBD122663890005CF5C8 /* QuestionViewController.swift in Sources */,
				EC71C162227FC9C100687B52 /* QuestionViewControllerDelegate.swift in Sources */,
				EC16BBCF22663890005CF5C8 /* AppDelegate.swift in Sources */,
				EC16BBE822663D98005CF5C8 /* QuestionGroup.swift in Sources */,
				EC5A3DC32266BC550000F7BE /* QuestionView.swift in Sources */,
				EC6C144E2281818800BB1358 /* SequentialQuestionStrategy.swift in Sources */,
				EC6C1450228183E200BB1358 /* RandomQuestionStrategy.swift in Sources */,
				EC6C144C22817C0400BB1358 /* QuestionStrategy.swift in Sources */,
				EC45B8612282781800F2C5EA /* AppSettingsViewController.swift in Sources */,
				EC6DBC7322866A4A001753E7 /* BaseQuestionStrategy.swift in Sources */,
				EC62E6D3227ED4BD00869496 /* SelectQuestionGroupViewController.swift in Sources */,
				EC39AD602285AD7C004DB31B /* DiskCaretaker.swift in Sources */,
				EC39AD622285BBED004DB31B /* QuestionGroupCaretaker.swift in Sources */,
				EC62E6D5227ED87000869496 /* QuestionGroupCell.swift in Sources */,
			);
			runOnlyForDeploymentPostprocessing = 0;
		};
/* End PBXSourcesBuildPhase section */

/* Begin PBXVariantGroup section */
		EC16BBD222663890005CF5C8 /* Main.storyboard */ = {
			isa = PBXVariantGroup;
			children = (
				EC16BBD322663890005CF5C8 /* Base */,
			);
			name = Main.storyboard;
			sourceTree = "<group>";
		};
/* End PBXVariantGroup section */

/* Begin XCBuildConfiguration section */
		EC16BBDB22663892005CF5C8 /* Debug */ = {
			isa = XCBuildConfiguration;
			buildSettings = {
				ALWAYS_SEARCH_USER_PATHS = NO;
				CLANG_ANALYZER_NONNULL = YES;
				CLANG_ANALYZER_NUMBER_OBJECT_CONVERSION = YES_AGGRESSIVE;
				CLANG_CXX_LANGUAGE_STANDARD = "gnu++14";
				CLANG_CXX_LIBRARY = "libc++";
				CLANG_ENABLE_MODULES = YES;
				CLANG_ENABLE_OBJC_ARC = YES;
				CLANG_ENABLE_OBJC_WEAK = YES;
				CLANG_WARN_BLOCK_CAPTURE_AUTORELEASING = YES;
				CLANG_WARN_BOOL_CONVERSION = YES;
				CLANG_WARN_COMMA = YES;
				CLANG_WARN_CONSTANT_CONVERSION = YES;
				CLANG_WARN_DEPRECATED_OBJC_IMPLEMENTATIONS = YES;
				CLANG_WARN_DIRECT_OBJC_ISA_USAGE = YES_ERROR;
				CLANG_WARN_DOCUMENTATION_COMMENTS = YES;
				CLANG_WARN_EMPTY_BODY = YES;
				CLANG_WARN_ENUM_CONVERSION = YES;
				CLANG_WARN_INFINITE_RECURSION = YES;
				CLANG_WARN_INT_CONVERSION = YES;
				CLANG_WARN_NON_LITERAL_NULL_CONVERSION = YES;
				CLANG_WARN_OBJC_IMPLICIT_RETAIN_SELF = YES;
				CLANG_WARN_OBJC_LITERAL_CONVERSION = YES;
				CLANG_WARN_OBJC_ROOT_CLASS = YES_ERROR;
				CLANG_WARN_RANGE_LOOP_ANALYSIS = YES;
				CLANG_WARN_STRICT_PROTOTYPES = YES;
				CLANG_WARN_SUSPICIOUS_MOVE = YES;
				CLANG_WARN_UNGUARDED_AVAILABILITY = YES_AGGRESSIVE;
				CLANG_WARN_UNREACHABLE_CODE = YES;
				CLANG_WARN__DUPLICATE_METHOD_MATCH = YES;
				CODE_SIGN_IDENTITY = "iPhone Developer";
				COPY_PHASE_STRIP = NO;
				DEBUG_INFORMATION_FORMAT = dwarf;
				ENABLE_STRICT_OBJC_MSGSEND = YES;
				ENABLE_TESTABILITY = YES;
				GCC_C_LANGUAGE_STANDARD = gnu11;
				GCC_DYNAMIC_NO_PIC = NO;
				GCC_NO_COMMON_BLOCKS = YES;
				GCC_OPTIMIZATION_LEVEL = 0;
				GCC_PREPROCESSOR_DEFINITIONS = (
					"DEBUG=1",
					"$(inherited)",
				);
				GCC_WARN_64_TO_32_BIT_CONVERSION = YES;
				GCC_WARN_ABOUT_RETURN_TYPE = YES_ERROR;
				GCC_WARN_UNDECLARED_SELECTOR = YES;
				GCC_WARN_UNINITIALIZED_AUTOS = YES_AGGRESSIVE;
				GCC_WARN_UNUSED_FUNCTION = YES;
				GCC_WARN_UNUSED_VARIABLE = YES;
				IPHONEOS_DEPLOYMENT_TARGET = 12.2;
				MTL_ENABLE_DEBUG_INFO = INCLUDE_SOURCE;
				MTL_FAST_MATH = YES;
				ONLY_ACTIVE_ARCH = YES;
				SDKROOT = iphoneos;
				SWIFT_ACTIVE_COMPILATION_CONDITIONS = DEBUG;
				SWIFT_OPTIMIZATION_LEVEL = "-Onone";
			};
			name = Debug;
		};
		EC16BBDC22663892005CF5C8 /* Release */ = {
			isa = XCBuildConfiguration;
			buildSettings = {
				ALWAYS_SEARCH_USER_PATHS = NO;
				CLANG_ANALYZER_NONNULL = YES;
				CLANG_ANALYZER_NUMBER_OBJECT_CONVERSION = YES_AGGRESSIVE;
				CLANG_CXX_LANGUAGE_STANDARD = "gnu++14";
				CLANG_CXX_LIBRARY = "libc++";
				CLANG_ENABLE_MODULES = YES;
				CLANG_ENABLE_OBJC_ARC = YES;
				CLANG_ENABLE_OBJC_WEAK = YES;
				CLANG_WARN_BLOCK_CAPTURE_AUTORELEASING = YES;
				CLANG_WARN_BOOL_CONVERSION = YES;
				CLANG_WARN_COMMA = YES;
				CLANG_WARN_CONSTANT_CONVERSION = YES;
				CLANG_WARN_DEPRECATED_OBJC_IMPLEMENTATIONS = YES;
				CLANG_WARN_DIRECT_OBJC_ISA_USAGE = YES_ERROR;
				CLANG_WARN_DOCUMENTATION_COMMENTS = YES;
				CLANG_WARN_EMPTY_BODY = YES;
				CLANG_WARN_ENUM_CONVERSION = YES;
				CLANG_WARN_INFINITE_RECURSION = YES;
				CLANG_WARN_INT_CONVERSION = YES;
				CLANG_WARN_NON_LITERAL_NULL_CONVERSION = YES;
				CLANG_WARN_OBJC_IMPLICIT_RETAIN_SELF = YES;
				CLANG_WARN_OBJC_LITERAL_CONVERSION = YES;
				CLANG_WARN_OBJC_ROOT_CLASS = YES_ERROR;
				CLANG_WARN_RANGE_LOOP_ANALYSIS = YES;
				CLANG_WARN_STRICT_PROTOTYPES = YES;
				CLANG_WARN_SUSPICIOUS_MOVE = YES;
				CLANG_WARN_UNGUARDED_AVAILABILITY = YES_AGGRESSIVE;
				CLANG_WARN_UNREACHABLE_CODE = YES;
				CLANG_WARN__DUPLICATE_METHOD_MATCH = YES;
				CODE_SIGN_IDENTITY = "iPhone Developer";
				COPY_PHASE_STRIP = NO;
				DEBUG_INFORMATION_FORMAT = "dwarf-with-dsym";
				ENABLE_NS_ASSERTIONS = NO;
				ENABLE_STRICT_OBJC_MSGSEND = YES;
				GCC_C_LANGUAGE_STANDARD = gnu11;
				GCC_NO_COMMON_BLOCKS = YES;
				GCC_WARN_64_TO_32_BIT_CONVERSION = YES;
				GCC_WARN_ABOUT_RETURN_TYPE = YES_ERROR;
				GCC_WARN_UNDECLARED_SELECTOR = YES;
				GCC_WARN_UNINITIALIZED_AUTOS = YES_AGGRESSIVE;
				GCC_WARN_UNUSED_FUNCTION = YES;
				GCC_WARN_UNUSED_VARIABLE = YES;
				IPHONEOS_DEPLOYMENT_TARGET = 12.2;
				MTL_ENABLE_DEBUG_INFO = NO;
				MTL_FAST_MATH = YES;
				SDKROOT = iphoneos;
				SWIFT_COMPILATION_MODE = wholemodule;
				SWIFT_OPTIMIZATION_LEVEL = "-O";
				VALIDATE_PRODUCT = YES;
			};
			name = Release;
		};
		EC16BBDE22663892005CF5C8 /* Debug */ = {
			isa = XCBuildConfiguration;
			buildSettings = {
				ASSETCATALOG_COMPILER_APPICON_NAME = AppIcon;
				CODE_SIGN_STYLE = Automatic;
				DEVELOPMENT_TEAM = M6L52K5U45;
				INFOPLIST_FILE = "$(SRCROOT)/Rabble Wabble/Resources/Info.plist";
				LD_RUNPATH_SEARCH_PATHS = (
					"$(inherited)",
					"@executable_path/Frameworks",
				);
				PRODUCT_BUNDLE_IDENTIFIER = "vnhai.com.vn.Rabble-Wabble";
				PRODUCT_NAME = "$(TARGET_NAME)";
				SWIFT_VERSION = 5.0;
				TARGETED_DEVICE_FAMILY = "1,2";
			};
			name = Debug;
		};
		EC16BBDF22663892005CF5C8 /* Release */ = {
			isa = XCBuildConfiguration;
			buildSettings = {
				ASSETCATALOG_COMPILER_APPICON_NAME = AppIcon;
				CODE_SIGN_STYLE = Automatic;
				DEVELOPMENT_TEAM = M6L52K5U45;
				INFOPLIST_FILE = "$(SRCROOT)/Rabble Wabble/Resources/Info.plist";
				LD_RUNPATH_SEARCH_PATHS = (
					"$(inherited)",
					"@executable_path/Frameworks",
				);
				PRODUCT_BUNDLE_IDENTIFIER = "vnhai.com.vn.Rabble-Wabble";
				PRODUCT_NAME = "$(TARGET_NAME)";
				SWIFT_VERSION = 5.0;
				TARGETED_DEVICE_FAMILY = "1,2";
			};
			name = Release;
		};
/* End XCBuildConfiguration section */

/* Begin XCConfigurationList section */
		EC16BBC622663890005CF5C8 /* Build configuration list for PBXProject "Rabble Wabble" */ = {
			isa = XCConfigurationList;
			buildConfigurations = (
				EC16BBDB22663892005CF5C8 /* Debug */,
				EC16BBDC22663892005CF5C8 /* Release */,
			);
			defaultConfigurationIsVisible = 0;
			defaultConfigurationName = Release;
		};
		EC16BBDD22663892005CF5C8 /* Build configuration list for PBXNativeTarget "Rabble Wabble" */ = {
			isa = XCConfigurationList;
			buildConfigurations = (
				EC16BBDE22663892005CF5C8 /* Debug */,
				EC16BBDF22663892005CF5C8 /* Release */,
			);
			defaultConfigurationIsVisible = 0;
			defaultConfigurationName = Release;
		};
/* End XCConfigurationList section */
	};
	rootObject = EC16BBC322663890005CF5C8 /* Project object */;
}
